// !$*UTF8*$!
{
	archiveVersion = 1;
	classes = {
	};
	objectVersion = 51;
	objects = {

/* Begin PBXBuildFile section */
		07B03F3E29930A4900A4CAE0 /* AppDelegate.m in Sources */ = {isa = PBXBuildFile; fileRef = 07B03F3D29930A4900A4CAE0 /* AppDelegate.m */; };
		07B03F4129930A4900A4CAE0 /* SceneDelegate.m in Sources */ = {isa = PBXBuildFile; fileRef = 07B03F4029930A4900A4CAE0 /* SceneDelegate.m */; };
		07B03F4429930A4900A4CAE0 /* ViewController.m in Sources */ = {isa = PBXBuildFile; fileRef = 07B03F4329930A4900A4CAE0 /* ViewController.m */; };
		07B03F4729930A4900A4CAE0 /* Main.storyboard in Resources */ = {isa = PBXBuildFile; fileRef = 07B03F4529930A4900A4CAE0 /* Main.storyboard */; };
		07B03F4929930A4D00A4CAE0 /* Assets.xcassets in Resources */ = {isa = PBXBuildFile; fileRef = 07B03F4829930A4D00A4CAE0 /* Assets.xcassets */; };
		07B03F4C29930A4D00A4CAE0 /* LaunchScreen.storyboard in Resources */ = {isa = PBXBuildFile; fileRef = 07B03F4A29930A4D00A4CAE0 /* LaunchScreen.storyboard */; };
		07B03F4F29930A4D00A4CAE0 /* main.m in Sources */ = {isa = PBXBuildFile; fileRef = 07B03F4E29930A4D00A4CAE0 /* main.m */; };
		BB7E586721C3B07F20DC4DD2 /* Pods_RAC_MVVM.framework in Frameworks */ = {isa = PBXBuildFile; fileRef = 7C3628F01B27938049BD4FEB /* Pods_RAC_MVVM.framework */; };
		C0852CD029D1825B0093AF4A /* LoginViewModel.m in Sources */ = {isa = PBXBuildFile; fileRef = C0852CCF29D1825B0093AF4A /* LoginViewModel.m */; };
		C08FCCAA29C463CB000892BD /* BaseViewController.m in Sources */ = {isa = PBXBuildFile; fileRef = C08FCCA929C463CB000892BD /* BaseViewController.m */; };
		C08FCCAD29C463DF000892BD /* BaseView.m in Sources */ = {isa = PBXBuildFile; fileRef = C08FCCAC29C463DF000892BD /* BaseView.m */; };
		C08FCCB029C46401000892BD /* BaseViewModel.m in Sources */ = {isa = PBXBuildFile; fileRef = C08FCCAF29C46401000892BD /* BaseViewModel.m */; };
		C0BE8AF129D29AA400E3C4E8 /* NSString+Common.m in Sources */ = {isa = PBXBuildFile; fileRef = C0BE8AF029D29AA400E3C4E8 /* NSString+Common.m */; };
		C0BE8AF429D2BCFE00E3C4E8 /* LoginViewController.m in Sources */ = {isa = PBXBuildFile; fileRef = C0BE8AF329D2BCFE00E3C4E8 /* LoginViewController.m */; };
		C0BEBD6629DABD520004A99A /* LoginInputView.m in Sources */ = {isa = PBXBuildFile; fileRef = C0BEBD6529DABD520004A99A /* LoginInputView.m */; };
		C0BEBD6E29DFCA330004A99A /* ListViewController.m in Sources */ = {isa = PBXBuildFile; fileRef = C0BEBD6D29DFCA330004A99A /* ListViewController.m */; };
		C0BEBD7129DFEBDE0004A99A /* ListHeaderView.m in Sources */ = {isa = PBXBuildFile; fileRef = C0BEBD7029DFEBDE0004A99A /* ListHeaderView.m */; };
		C0BEBD7429DFED470004A99A /* ListViewModel.m in Sources */ = {isa = PBXBuildFile; fileRef = C0BEBD7329DFED470004A99A /* ListViewModel.m */; };
		C0BEBD7729DFEE8F0004A99A /* ListTableCell.m in Sources */ = {isa = PBXBuildFile; fileRef = C0BEBD7629DFEE8F0004A99A /* ListTableCell.m */; };
		C0BEBD7A29DFEF230004A99A /* ListHeaderViewModel.m in Sources */ = {isa = PBXBuildFile; fileRef = C0BEBD7929DFEF230004A99A /* ListHeaderViewModel.m */; };
		C0BEBD7D29DFF2240004A99A /* ListCellViewModel.m in Sources */ = {isa = PBXBuildFile; fileRef = C0BEBD7C29DFF2240004A99A /* ListCellViewModel.m */; };
/* End PBXBuildFile section */

/* Begin PBXFileReference section */
		07B03F3929930A4900A4CAE0 /* RAC+MVVM.app */ = {isa = PBXFileReference; explicitFileType = wrapper.application; includeInIndex = 0; path = "RAC+MVVM.app"; sourceTree = BUILT_PRODUCTS_DIR; };
		07B03F3C29930A4900A4CAE0 /* AppDelegate.h */ = {isa = PBXFileReference; lastKnownFileType = sourcecode.c.h; path = AppDelegate.h; sourceTree = "<group>"; };
		07B03F3D29930A4900A4CAE0 /* AppDelegate.m */ = {isa = PBXFileReference; lastKnownFileType = sourcecode.c.objc; path = AppDelegate.m; sourceTree = "<group>"; };
		07B03F3F29930A4900A4CAE0 /* SceneDelegate.h */ = {isa = PBXFileReference; lastKnownFileType = sourcecode.c.h; path = SceneDelegate.h; sourceTree = "<group>"; };
		07B03F4029930A4900A4CAE0 /* SceneDelegate.m */ = {isa = PBXFileReference; lastKnownFileType = sourcecode.c.objc; path = SceneDelegate.m; sourceTree = "<group>"; };
		07B03F4229930A4900A4CAE0 /* ViewController.h */ = {isa = PBXFileReference; lastKnownFileType = sourcecode.c.h; path = ViewController.h; sourceTree = "<group>"; };
		07B03F4329930A4900A4CAE0 /* ViewController.m */ = {isa = PBXFileReference; lastKnownFileType = sourcecode.c.objc; path = ViewController.m; sourceTree = "<group>"; };
		07B03F4629930A4900A4CAE0 /* Base */ = {isa = PBXFileReference; lastKnownFileType = file.storyboard; name = Base; path = Base.lproj/Main.storyboard; sourceTree = "<group>"; };
		07B03F4829930A4D00A4CAE0 /* Assets.xcassets */ = {isa = PBXFileReference; lastKnownFileType = folder.assetcatalog; path = Assets.xcassets; sourceTree = "<group>"; };
		07B03F4B29930A4D00A4CAE0 /* Base */ = {isa = PBXFileReference; lastKnownFileType = file.storyboard; name = Base; path = Base.lproj/LaunchScreen.storyboard; sourceTree = "<group>"; };
		07B03F4D29930A4D00A4CAE0 /* Info.plist */ = {isa = PBXFileReference; lastKnownFileType = text.plist.xml; path = Info.plist; sourceTree = "<group>"; };
		07B03F4E29930A4D00A4CAE0 /* main.m */ = {isa = PBXFileReference; lastKnownFileType = sourcecode.c.objc; path = main.m; sourceTree = "<group>"; };
		0C2FB36387C6ACEED35DFAD6 /* Pods-RAC+MVVM.release.xcconfig */ = {isa = PBXFileReference; includeInIndex = 1; lastKnownFileType = text.xcconfig; name = "Pods-RAC+MVVM.release.xcconfig"; path = "Target Support Files/Pods-RAC+MVVM/Pods-RAC+MVVM.release.xcconfig"; sourceTree = "<group>"; };
		7C3628F01B27938049BD4FEB /* Pods_RAC_MVVM.framework */ = {isa = PBXFileReference; explicitFileType = wrapper.framework; includeInIndex = 0; path = Pods_RAC_MVVM.framework; sourceTree = BUILT_PRODUCTS_DIR; };
		C0852CCE29D1825B0093AF4A /* LoginViewModel.h */ = {isa = PBXFileReference; lastKnownFileType = sourcecode.c.h; path = LoginViewModel.h; sourceTree = "<group>"; };
		C0852CCF29D1825B0093AF4A /* LoginViewModel.m */ = {isa = PBXFileReference; lastKnownFileType = sourcecode.c.objc; path = LoginViewModel.m; sourceTree = "<group>"; };
		C08FCCA829C463CB000892BD /* BaseViewController.h */ = {isa = PBXFileReference; lastKnownFileType = sourcecode.c.h; path = BaseViewController.h; sourceTree = "<group>"; };
		C08FCCA929C463CB000892BD /* BaseViewController.m */ = {isa = PBXFileReference; lastKnownFileType = sourcecode.c.objc; path = BaseViewController.m; sourceTree = "<group>"; };
		C08FCCAB29C463DF000892BD /* BaseView.h */ = {isa = PBXFileReference; lastKnownFileType = sourcecode.c.h; path = BaseView.h; sourceTree = "<group>"; };
		C08FCCAC29C463DF000892BD /* BaseView.m */ = {isa = PBXFileReference; lastKnownFileType = sourcecode.c.objc; path = BaseView.m; sourceTree = "<group>"; };
		C08FCCAE29C46401000892BD /* BaseViewModel.h */ = {isa = PBXFileReference; lastKnownFileType = sourcecode.c.h; path = BaseViewModel.h; sourceTree = "<group>"; };
		C08FCCAF29C46401000892BD /* BaseViewModel.m */ = {isa = PBXFileReference; lastKnownFileType = sourcecode.c.objc; path = BaseViewModel.m; sourceTree = "<group>"; };
		C08FCCB129C46432000892BD /* ViewProtocol.h */ = {isa = PBXFileReference; lastKnownFileType = sourcecode.c.h; path = ViewProtocol.h; sourceTree = "<group>"; };
		C08FCCB229C4644C000892BD /* ViewControllerProtocol.h */ = {isa = PBXFileReference; lastKnownFileType = sourcecode.c.h; path = ViewControllerProtocol.h; sourceTree = "<group>"; };
		C08FCCB329C4645F000892BD /* ViewModelProtocol.h */ = {isa = PBXFileReference; lastKnownFileType = sourcecode.c.h; path = ViewModelProtocol.h; sourceTree = "<group>"; };
		C0BE8AED29D2938700E3C4E8 /* PrefixHeader.pch */ = {isa = PBXFileReference; lastKnownFileType = sourcecode.c.h; path = PrefixHeader.pch; sourceTree = "<group>"; };
		C0BE8AEF29D29AA400E3C4E8 /* NSString+Common.h */ = {isa = PBXFileReference; lastKnownFileType = sourcecode.c.h; path = "NSString+Common.h"; sourceTree = "<group>"; };
		C0BE8AF029D29AA400E3C4E8 /* NSString+Common.m */ = {isa = PBXFileReference; lastKnownFileType = sourcecode.c.objc; path = "NSString+Common.m"; sourceTree = "<group>"; };
		C0BE8AF229D2BCFE00E3C4E8 /* LoginViewController.h */ = {isa = PBXFileReference; lastKnownFileType = sourcecode.c.h; path = LoginViewController.h; sourceTree = "<group>"; };
		C0BE8AF329D2BCFE00E3C4E8 /* LoginViewController.m */ = {isa = PBXFileReference; lastKnownFileType = sourcecode.c.objc; path = LoginViewController.m; sourceTree = "<group>"; };
		C0BEBD6429DABD520004A99A /* LoginInputView.h */ = {isa = PBXFileReference; lastKnownFileType = sourcecode.c.h; path = LoginInputView.h; sourceTree = "<group>"; };
		C0BEBD6529DABD520004A99A /* LoginInputView.m */ = {isa = PBXFileReference; lastKnownFileType = sourcecode.c.objc; path = LoginInputView.m; sourceTree = "<group>"; };
		C0BEBD6C29DFCA330004A99A /* ListViewController.h */ = {isa = PBXFileReference; lastKnownFileType = sourcecode.c.h; path = ListViewController.h; sourceTree = "<group>"; };
		C0BEBD6D29DFCA330004A99A /* ListViewController.m */ = {isa = PBXFileReference; lastKnownFileType = sourcecode.c.objc; path = ListViewController.m; sourceTree = "<group>"; };
		C0BEBD6F29DFEBDE0004A99A /* ListHeaderView.h */ = {isa = PBXFileReference; lastKnownFileType = sourcecode.c.h; path = ListHeaderView.h; sourceTree = "<group>"; };
		C0BEBD7029DFEBDE0004A99A /* ListHeaderView.m */ = {isa = PBXFileReference; lastKnownFileType = sourcecode.c.objc; path = ListHeaderView.m; sourceTree = "<group>"; };
		C0BEBD7229DFED470004A99A /* ListViewModel.h */ = {isa = PBXFileReference; lastKnownFileType = sourcecode.c.h; path = ListViewModel.h; sourceTree = "<group>"; };
		C0BEBD7329DFED470004A99A /* ListViewModel.m */ = {isa = PBXFileReference; lastKnownFileType = sourcecode.c.objc; path = ListViewModel.m; sourceTree = "<group>"; };
		C0BEBD7529DFEE8F0004A99A /* ListTableCell.h */ = {isa = PBXFileReference; lastKnownFileType = sourcecode.c.h; path = ListTableCell.h; sourceTree = "<group>"; };
		C0BEBD7629DFEE8F0004A99A /* ListTableCell.m */ = {isa = PBXFileReference; lastKnownFileType = sourcecode.c.objc; path = ListTableCell.m; sourceTree = "<group>"; };
		C0BEBD7829DFEF230004A99A /* ListHeaderViewModel.h */ = {isa = PBXFileReference; lastKnownFileType = sourcecode.c.h; path = ListHeaderViewModel.h; sourceTree = "<group>"; };
		C0BEBD7929DFEF230004A99A /* ListHeaderViewModel.m */ = {isa = PBXFileReference; lastKnownFileType = sourcecode.c.objc; path = ListHeaderViewModel.m; sourceTree = "<group>"; };
		C0BEBD7B29DFF2240004A99A /* ListCellViewModel.h */ = {isa = PBXFileReference; lastKnownFileType = sourcecode.c.h; path = ListCellViewModel.h; sourceTree = "<group>"; };
		C0BEBD7C29DFF2240004A99A /* ListCellViewModel.m */ = {isa = PBXFileReference; lastKnownFileType = sourcecode.c.objc; path = ListCellViewModel.m; sourceTree = "<group>"; };
		C6D94EE01748D264AF599820 /* Pods-RAC+MVVM.debug.xcconfig */ = {isa = PBXFileReference; includeInIndex = 1; lastKnownFileType = text.xcconfig; name = "Pods-RAC+MVVM.debug.xcconfig"; path = "Target Support Files/Pods-RAC+MVVM/Pods-RAC+MVVM.debug.xcconfig"; sourceTree = "<group>"; };
/* End PBXFileReference section */

/* Begin PBXFrameworksBuildPhase section */
		07B03F3629930A4900A4CAE0 /* Frameworks */ = {
			isa = PBXFrameworksBuildPhase;
			buildActionMask = 2147483647;
			files = (
				BB7E586721C3B07F20DC4DD2 /* Pods_RAC_MVVM.framework in Frameworks */,
			);
			runOnlyForDeploymentPostprocessing = 0;
		};
/* End PBXFrameworksBuildPhase section */

/* Begin PBXGroup section */
		07B03F3029930A4900A4CAE0 = {
			isa = PBXGroup;
			children = (
				07B03F3B29930A4900A4CAE0 /* RAC+MVVM */,
				07B03F3A29930A4900A4CAE0 /* Products */,
				4443CF127BF67029F8519525 /* Pods */,
				B1705AF312CC77BB31E8BCC3 /* Frameworks */,
			);
			sourceTree = "<group>";
		};
		07B03F3A29930A4900A4CAE0 /* Products */ = {
			isa = PBXGroup;
			children = (
				07B03F3929930A4900A4CAE0 /* RAC+MVVM.app */,
			);
			name = Products;
			sourceTree = "<group>";
		};
		07B03F3B29930A4900A4CAE0 /* RAC+MVVM */ = {
			isa = PBXGroup;
			children = (
				C08FCCA729C4636E000892BD /* Base */,
				07B03F3C29930A4900A4CAE0 /* AppDelegate.h */,
				07B03F3D29930A4900A4CAE0 /* AppDelegate.m */,
				07B03F3F29930A4900A4CAE0 /* SceneDelegate.h */,
				07B03F4029930A4900A4CAE0 /* SceneDelegate.m */,
				07B03F4229930A4900A4CAE0 /* ViewController.h */,
				07B03F4329930A4900A4CAE0 /* ViewController.m */,
				07B03F4529930A4900A4CAE0 /* Main.storyboard */,
				07B03F4829930A4D00A4CAE0 /* Assets.xcassets */,
				07B03F4A29930A4D00A4CAE0 /* LaunchScreen.storyboard */,
				07B03F4D29930A4D00A4CAE0 /* Info.plist */,
				C0BE8AED29D2938700E3C4E8 /* PrefixHeader.pch */,
				07B03F4E29930A4D00A4CAE0 /* main.m */,
				C0BE8AEF29D29AA400E3C4E8 /* NSString+Common.h */,
				C0BE8AF029D29AA400E3C4E8 /* NSString+Common.m */,
				C0852CCE29D1825B0093AF4A /* LoginViewModel.h */,
				C0852CCF29D1825B0093AF4A /* LoginViewModel.m */,
				C0BE8AF229D2BCFE00E3C4E8 /* LoginViewController.h */,
				C0BE8AF329D2BCFE00E3C4E8 /* LoginViewController.m */,
				C0BEBD6429DABD520004A99A /* LoginInputView.h */,
				C0BEBD6529DABD520004A99A /* LoginInputView.m */,
				C0BEBD6C29DFCA330004A99A /* ListViewController.h */,
				C0BEBD6D29DFCA330004A99A /* ListViewController.m */,
				C0BEBD6F29DFEBDE0004A99A /* ListHeaderView.h */,
				C0BEBD7029DFEBDE0004A99A /* ListHeaderView.m */,
				C0BEBD7529DFEE8F0004A99A /* ListTableCell.h */,
				C0BEBD7629DFEE8F0004A99A /* ListTableCell.m */,
				C0BEBD7229DFED470004A99A /* ListViewModel.h */,
				C0BEBD7329DFED470004A99A /* ListViewModel.m */,
				C0BEBD7829DFEF230004A99A /* ListHeaderViewModel.h */,
				C0BEBD7929DFEF230004A99A /* ListHeaderViewModel.m */,
				C0BEBD7B29DFF2240004A99A /* ListCellViewModel.h */,
				C0BEBD7C29DFF2240004A99A /* ListCellViewModel.m */,
			);
			path = "RAC+MVVM";
			sourceTree = "<group>";
		};
		4443CF127BF67029F8519525 /* Pods */ = {
			isa = PBXGroup;
			children = (
				C6D94EE01748D264AF599820 /* Pods-RAC+MVVM.debug.xcconfig */,
				0C2FB36387C6ACEED35DFAD6 /* Pods-RAC+MVVM.release.xcconfig */,
			);
			path = Pods;
			sourceTree = "<group>";
		};
		B1705AF312CC77BB31E8BCC3 /* Frameworks */ = {
			isa = PBXGroup;
			children = (
				7C3628F01B27938049BD4FEB /* Pods_RAC_MVVM.framework */,
			);
			name = Frameworks;
			sourceTree = "<group>";
		};
		C08FCCA729C4636E000892BD /* Base */ = {
			isa = PBXGroup;
			children = (
				C08FCCA829C463CB000892BD /* BaseViewController.h */,
				C08FCCA929C463CB000892BD /* BaseViewController.m */,
				C08FCCB229C4644C000892BD /* ViewControllerProtocol.h */,
				C08FCCAE29C46401000892BD /* BaseViewModel.h */,
				C08FCCAF29C46401000892BD /* BaseViewModel.m */,
				C08FCCB329C4645F000892BD /* ViewModelProtocol.h */,
				C08FCCAB29C463DF000892BD /* BaseView.h */,
				C08FCCAC29C463DF000892BD /* BaseView.m */,
				C08FCCB129C46432000892BD /* ViewProtocol.h */,
			);
			path = Base;
			sourceTree = "<group>";
		};
/* End PBXGroup section */

/* Begin PBXNativeTarget section */
		07B03F3829930A4900A4CAE0 /* RAC+MVVM */ = {
			isa = PBXNativeTarget;
			buildConfigurationList = 07B03F5229930A4D00A4CAE0 /* Build configuration list for PBXNativeTarget "RAC+MVVM" */;
			buildPhases = (
				24F59A85C6E14C79E4CDD752 /* [CP] Check Pods Manifest.lock */,
				07B03F3529930A4900A4CAE0 /* Sources */,
				07B03F3629930A4900A4CAE0 /* Frameworks */,
				07B03F3729930A4900A4CAE0 /* Resources */,
				8CDA1C6455F88E7C7A86257F /* [CP] Embed Pods Frameworks */,
			);
			buildRules = (
			);
			dependencies = (
			);
			name = "RAC+MVVM";
			productName = "RAC+MVVM";
			productReference = 07B03F3929930A4900A4CAE0 /* RAC+MVVM.app */;
			productType = "com.apple.product-type.application";
		};
/* End PBXNativeTarget section */

/* Begin PBXProject section */
		07B03F3129930A4900A4CAE0 /* Project object */ = {
			isa = PBXProject;
			attributes = {
				LastUpgradeCheck = 1250;
				TargetAttributes = {
					07B03F3829930A4900A4CAE0 = {
						CreatedOnToolsVersion = 12.5.1;
					};
				};
			};
			buildConfigurationList = 07B03F3429930A4900A4CAE0 /* Build configuration list for PBXProject "RAC+MVVM" */;
			compatibilityVersion = "Xcode 9.3";
			developmentRegion = en;
			hasScannedForEncodings = 0;
			knownRegions = (
				en,
				Base,
			);
			mainGroup = 07B03F3029930A4900A4CAE0;
			productRefGroup = 07B03F3A29930A4900A4CAE0 /* Products */;
			projectDirPath = "";
			projectRoot = "";
			targets = (
				07B03F3829930A4900A4CAE0 /* RAC+MVVM */,
			);
		};
/* End PBXProject section */

/* Begin PBXResourcesBuildPhase section */
		07B03F3729930A4900A4CAE0 /* Resources */ = {
			isa = PBXResourcesBuildPhase;
			buildActionMask = 2147483647;
			files = (
				07B03F4C29930A4D00A4CAE0 /* LaunchScreen.storyboard in Resources */,
				07B03F4929930A4D00A4CAE0 /* Assets.xcassets in Resources */,
				07B03F4729930A4900A4CAE0 /* Main.storyboard in Resources */,
			);
			runOnlyForDeploymentPostprocessing = 0;
		};
/* End PBXResourcesBuildPhase section */

/* Begin PBXShellScriptBuildPhase section */
		24F59A85C6E14C79E4CDD752 /* [CP] Check Pods Manifest.lock */ = {
			isa = PBXShellScriptBuildPhase;
			buildActionMask = 2147483647;
			files = (
			);
			inputFileListPaths = (
			);
			inputPaths = (
				"${PODS_PODFILE_DIR_PATH}/Podfile.lock",
				"${PODS_ROOT}/Manifest.lock",
			);
			name = "[CP] Check Pods Manifest.lock";
			outputFileListPaths = (
			);
			outputPaths = (
				"$(DERIVED_FILE_DIR)/Pods-RAC+MVVM-checkManifestLockResult.txt",
			);
			runOnlyForDeploymentPostprocessing = 0;
			shellPath = /bin/sh;
			shellScript = "diff \"${PODS_PODFILE_DIR_PATH}/Podfile.lock\" \"${PODS_ROOT}/Manifest.lock\" > /dev/null\nif [ $? != 0 ] ; then\n    # print error to STDERR\n    echo \"error: The sandbox is not in sync with the Podfile.lock. Run 'pod install' or update your CocoaPods installation.\" >&2\n    exit 1\nfi\n# This output is used by Xcode 'outputs' to avoid re-running this script phase.\necho \"SUCCESS\" > \"${SCRIPT_OUTPUT_FILE_0}\"\n";
			showEnvVarsInLog = 0;
		};
		8CDA1C6455F88E7C7A86257F /* [CP] Embed Pods Frameworks */ = {
			isa = PBXShellScriptBuildPhase;
			buildActionMask = 2147483647;
			files = (
			);
			inputFileListPaths = (
				"${PODS_ROOT}/Target Support Files/Pods-RAC+MVVM/Pods-RAC+MVVM-frameworks-${CONFIGURATION}-input-files.xcfilelist",
			);
			name = "[CP] Embed Pods Frameworks";
			outputFileListPaths = (
				"${PODS_ROOT}/Target Support Files/Pods-RAC+MVVM/Pods-RAC+MVVM-frameworks-${CONFIGURATION}-output-files.xcfilelist",
			);
			runOnlyForDeploymentPostprocessing = 0;
			shellPath = /bin/sh;
			shellScript = "\"${PODS_ROOT}/Target Support Files/Pods-RAC+MVVM/Pods-RAC+MVVM-frameworks.sh\"\n";
			showEnvVarsInLog = 0;
		};
/* End PBXShellScriptBuildPhase section */

/* Begin PBXSourcesBuildPhase section */
		07B03F3529930A4900A4CAE0 /* Sources */ = {
			isa = PBXSourcesBuildPhase;
			buildActionMask = 2147483647;
			files = (
				C0852CD029D1825B0093AF4A /* LoginViewModel.m in Sources */,
				C0BEBD7A29DFEF230004A99A /* ListHeaderViewModel.m in Sources */,
				C0BEBD6629DABD520004A99A /* LoginInputView.m in Sources */,
				07B03F4429930A4900A4CAE0 /* ViewController.m in Sources */,
				C0BEBD7729DFEE8F0004A99A /* ListTableCell.m in Sources */,
				C08FCCB029C46401000892BD /* BaseViewModel.m in Sources */,
				C08FCCAA29C463CB000892BD /* BaseViewController.m in Sources */,
				C0BE8AF429D2BCFE00E3C4E8 /* LoginViewController.m in Sources */,
				C0BEBD7D29DFF2240004A99A /* ListCellViewModel.m in Sources */,
				07B03F3E29930A4900A4CAE0 /* AppDelegate.m in Sources */,
				07B03F4F29930A4D00A4CAE0 /* main.m in Sources */,
				C0BEBD7129DFEBDE0004A99A /* ListHeaderView.m in Sources */,
				07B03F4129930A4900A4CAE0 /* SceneDelegate.m in Sources */,
				C0BEBD7429DFED470004A99A /* ListViewModel.m in Sources */,
				C0BEBD6E29DFCA330004A99A /* ListViewController.m in Sources */,
				C0BE8AF129D29AA400E3C4E8 /* NSString+Common.m in Sources */,
				C08FCCAD29C463DF000892BD /* BaseView.m in Sources */,
			);
			runOnlyForDeploymentPostprocessing = 0;
		};
/* End PBXSourcesBuildPhase section */

/* Begin PBXVariantGroup section */
		07B03F4529930A4900A4CAE0 /* Main.storyboard */ = {
			isa = PBXVariantGroup;
			children = (
				07B03F4629930A4900A4CAE0 /* Base */,
			);
			name = Main.storyboard;
			sourceTree = "<group>";
		};
		07B03F4A29930A4D00A4CAE0 /* LaunchScreen.storyboard */ = {
			isa = PBXVariantGroup;
			children = (
				07B03F4B29930A4D00A4CAE0 /* Base */,
			);
			name = LaunchScreen.storyboard;
			sourceTree = "<group>";
		};
/* End PBXVariantGroup section */

/* Begin XCBuildConfiguration section */
		07B03F5029930A4D00A4CAE0 /* Debug */ = {
			isa = XCBuildConfiguration;
			buildSettings = {
				ALWAYS_SEARCH_USER_PATHS = NO;
				CLANG_ANALYZER_NONNULL = YES;
				CLANG_ANALYZER_NUMBER_OBJECT_CONVERSION = YES_AGGRESSIVE;
				CLANG_CXX_LANGUAGE_STANDARD = "gnu++14";
				CLANG_CXX_LIBRARY = "libc++";
				CLANG_ENABLE_MODULES = YES;
				CLANG_ENABLE_OBJC_ARC = YES;
				CLANG_ENABLE_OBJC_WEAK = YES;
				CLANG_WARN_BLOCK_CAPTURE_AUTORELEASING = YES;
				CLANG_WARN_BOOL_CONVERSION = YES;
				CLANG_WARN_COMMA = YES;
				CLANG_WARN_CONSTANT_CONVERSION = YES;
				CLANG_WARN_DEPRECATED_OBJC_IMPLEMENTATIONS = YES;
				CLANG_WARN_DIRECT_OBJC_ISA_USAGE = YES_ERROR;
				CLANG_WARN_DOCUMENTATION_COMMENTS = YES;
				CLANG_WARN_EMPTY_BODY = YES;
				CLANG_WARN_ENUM_CONVERSION = YES;
				CLANG_WARN_INFINITE_RECURSION = YES;
				CLANG_WARN_INT_CONVERSION = YES;
				CLANG_WARN_NON_LITERAL_NULL_CONVERSION = YES;
				CLANG_WARN_OBJC_IMPLICIT_RETAIN_SELF = YES;
				CLANG_WARN_OBJC_LITERAL_CONVERSION = YES;
				CLANG_WARN_OBJC_ROOT_CLASS = YES_ERROR;
				CLANG_WARN_QUOTED_INCLUDE_IN_FRAMEWORK_HEADER = YES;
				CLANG_WARN_RANGE_LOOP_ANALYSIS = YES;
				CLANG_WARN_STRICT_PROTOTYPES = YES;
				CLANG_WARN_SUSPICIOUS_MOVE = YES;
				CLANG_WARN_UNGUARDED_AVAILABILITY = YES_AGGRESSIVE;
				CLANG_WARN_UNREACHABLE_CODE = YES;
				CLANG_WARN__DUPLICATE_METHOD_MATCH = YES;
				COPY_PHASE_STRIP = NO;
				DEBUG_INFORMATION_FORMAT = dwarf;
				ENABLE_STRICT_OBJC_MSGSEND = YES;
				ENABLE_TESTABILITY = YES;
				GCC_C_LANGUAGE_STANDARD = gnu11;
				GCC_DYNAMIC_NO_PIC = NO;
				GCC_NO_COMMON_BLOCKS = YES;
				GCC_OPTIMIZATION_LEVEL = 0;
				GCC_PREPROCESSOR_DEFINITIONS = (
					"DEBUG=1",
					"$(inherited)",
				);
				GCC_WARN_64_TO_32_BIT_CONVERSION = YES;
				GCC_WARN_ABOUT_RETURN_TYPE = YES_ERROR;
				GCC_WARN_UNDECLARED_SELECTOR = YES;
				GCC_WARN_UNINITIALIZED_AUTOS = YES_AGGRESSIVE;
				GCC_WARN_UNUSED_FUNCTION = YES;
				GCC_WARN_UNUSED_VARIABLE = YES;
				IPHONEOS_DEPLOYMENT_TARGET = 14.5;
				MTL_ENABLE_DEBUG_INFO = INCLUDE_SOURCE;
				MTL_FAST_MATH = YES;
				ONLY_ACTIVE_ARCH = YES;
				SDKROOT = iphoneos;
			};
			name = Debug;
		};
		07B03F5129930A4D00A4CAE0 /* Release */ = {
			isa = XCBuildConfiguration;
			buildSettings = {
				ALWAYS_SEARCH_USER_PATHS = NO;
				CLANG_ANALYZER_NONNULL = YES;
				CLANG_ANALYZER_NUMBER_OBJECT_CONVERSION = YES_AGGRESSIVE;
				CLANG_CXX_LANGUAGE_STANDARD = "gnu++14";
				CLANG_CXX_LIBRARY = "libc++";
				CLANG_ENABLE_MODULES = YES;
				CLANG_ENABLE_OBJC_ARC = YES;
				CLANG_ENABLE_OBJC_WEAK = YES;
				CLANG_WARN_BLOCK_CAPTURE_AUTORELEASING = YES;
				CLANG_WARN_BOOL_CONVERSION = YES;
				CLANG_WARN_COMMA = YES;
				CLANG_WARN_CONSTANT_CONVERSION = YES;
				CLANG_WARN_DEPRECATED_OBJC_IMPLEMENTATIONS = YES;
				CLANG_WARN_DIRECT_OBJC_ISA_USAGE = YES_ERROR;
				CLANG_WARN_DOCUMENTATION_COMMENTS = YES;
				CLANG_WARN_EMPTY_BODY = YES;
				CLANG_WARN_ENUM_CONVERSION = YES;
				CLANG_WARN_INFINITE_RECURSION = YES;
				CLANG_WARN_INT_CONVERSION = YES;
				CLANG_WARN_NON_LITERAL_NULL_CONVERSION = YES;
				CLANG_WARN_OBJC_IMPLICIT_RETAIN_SELF = YES;
				CLANG_WARN_OBJC_LITERAL_CONVERSION = YES;
				CLANG_WARN_OBJC_ROOT_CLASS = YES_ERROR;
				CLANG_WARN_QUOTED_INCLUDE_IN_FRAMEWORK_HEADER = YES;
				CLANG_WARN_RANGE_LOOP_ANALYSIS = YES;
				CLANG_WARN_STRICT_PROTOTYPES = YES;
				CLANG_WARN_SUSPICIOUS_MOVE = YES;
				CLANG_WARN_UNGUARDED_AVAILABILITY = YES_AGGRESSIVE;
				CLANG_WARN_UNREACHABLE_CODE = YES;
				CLANG_WARN__DUPLICATE_METHOD_MATCH = YES;
				COPY_PHASE_STRIP = NO;
				DEBUG_INFORMATION_FORMAT = "dwarf-with-dsym";
				ENABLE_NS_ASSERTIONS = NO;
				ENABLE_STRICT_OBJC_MSGSEND = YES;
				GCC_C_LANGUAGE_STANDARD = gnu11;
				GCC_NO_COMMON_BLOCKS = YES;
				GCC_WARN_64_TO_32_BIT_CONVERSION = YES;
				GCC_WARN_ABOUT_RETURN_TYPE = YES_ERROR;
				GCC_WARN_UNDECLARED_SELECTOR = YES;
				GCC_WARN_UNINITIALIZED_AUTOS = YES_AGGRESSIVE;
				GCC_WARN_UNUSED_FUNCTION = YES;
				GCC_WARN_UNUSED_VARIABLE = YES;
				IPHONEOS_DEPLOYMENT_TARGET = 14.5;
				MTL_ENABLE_DEBUG_INFO = NO;
				MTL_FAST_MATH = YES;
				SDKROOT = iphoneos;
				VALIDATE_PRODUCT = YES;
			};
			name = Release;
		};
		07B03F5329930A4D00A4CAE0 /* Debug */ = {
			isa = XCBuildConfiguration;
			baseConfigurationReference = C6D94EE01748D264AF599820 /* Pods-RAC+MVVM.debug.xcconfig */;
			buildSettings = {
				ASSETCATALOG_COMPILER_APPICON_NAME = AppIcon;
				ASSETCATALOG_COMPILER_GLOBAL_ACCENT_COLOR_NAME = AccentColor;
				CODE_SIGN_STYLE = Automatic;
				DEVELOPMENT_TEAM = 92JP75ZK7N;
				GCC_PRECOMPILE_PREFIX_HEADER = YES;
				GCC_PREFIX_HEADER = "$(SRCROOT)/RAC+MVVM/PrefixHeader.pch";
				INFOPLIST_FILE = "RAC+MVVM/Info.plist";
				IPHONEOS_DEPLOYMENT_TARGET = 13.0;
				LD_RUNPATH_SEARCH_PATHS = (
					"$(inherited)",
					"@executable_path/Frameworks",
				);
				PRODUCT_BUNDLE_IDENTIFIER = "com.beika.RAC-MVVM";
				PRODUCT_NAME = "$(TARGET_NAME)";
				TARGETED_DEVICE_FAMILY = "1,2";
			};
			name = Debug;
		};
		07B03F5429930A4D00A4CAE0 /* Release */ = {
			isa = XCBuildConfiguration;
			baseConfigurationReference = 0C2FB36387C6ACEED35DFAD6 /* Pods-RAC+MVVM.release.xcconfig */;
			buildSettings = {
				ASSETCATALOG_COMPILER_APPICON_NAME = AppIcon;
				ASSETCATALOG_COMPILER_GLOBAL_ACCENT_COLOR_NAME = AccentColor;
				CODE_SIGN_STYLE = Automatic;
				DEVELOPMENT_TEAM = 92JP75ZK7N;
				GCC_PRECOMPILE_PREFIX_HEADER = YES;
				GCC_PREFIX_HEADER = "$(SRCROOT)/RAC+MVVM/PrefixHeader.pch";
				INFOPLIST_FILE = "RAC+MVVM/Info.plist";
				IPHONEOS_DEPLOYMENT_TARGET = 13.0;
				LD_RUNPATH_SEARCH_PATHS = (
					"$(inherited)",
					"@executable_path/Frameworks",
				);
				PRODUCT_BUNDLE_IDENTIFIER = "com.beika.RAC-MVVM";
				PRODUCT_NAME = "$(TARGET_NAME)";
				TARGETED_DEVICE_FAMILY = "1,2";
			};
			name = Release;
		};
/* End XCBuildConfiguration section */

/* Begin XCConfigurationList section */
		07B03F3429930A4900A4CAE0 /* Build configuration list for PBXProject "RAC+MVVM" */ = {
			isa = XCConfigurationList;
			buildConfigurations = (
				07B03F5029930A4D00A4CAE0 /* Debug */,
				07B03F5129930A4D00A4CAE0 /* Release */,
			);
			defaultConfigurationIsVisible = 0;
			defaultConfigurationName = Release;
		};
		07B03F5229930A4D00A4CAE0 /* Build configuration list for PBXNativeTarget "RAC+MVVM" */ = {
			isa = XCConfigurationList;
			buildConfigurations = (
				07B03F5329930A4D00A4CAE0 /* Debug */,
				07B03F5429930A4D00A4CAE0 /* Release */,
			);
			defaultConfigurationIsVisible = 0;
			defaultConfigurationName = Release;
		};
/* End XCConfigurationList section */
	};
	rootObject = 07B03F3129930A4900A4CAE0 /* Project object */;
}
